
Microsoft Visual Studio Solution File, Format Version 12.00
# Visual Studio 15
VisualStudioVersion = 15.0.28010.2050
MinimumVisualStudioVersion = 10.0.40219.1
Project("{2150E333-8FDC-42A3-9474-1A3956D46DE8}") = "D3.Core", "D3.Core", "{4A43F57D-EEEC-4440-B41D-522E050ED17F}"
EndProject
Project("{2150E333-8FDC-42A3-9474-1A3956D46DE8}") = "D3.Infrastructure", "D3.Infrastructure", "{6FE926DC-16FE-43EF-8B91-6EC7D45C4F55}"
EndProject
Project("{2150E333-8FDC-42A3-9474-1A3956D46DE8}") = "D3.UserUI", "D3.UserUI", "{034B55E7-6DC7-404F-9B29-A422091AD29D}"
EndProject
Project("{9A19103F-16F7-4668-BE54-9A1E7A4F7556}") = "D3.BlogMvc", "D3.BlogMvc\D3.BlogMvc.csproj", "{0A5FF74C-9B95-439B-BF4A-24D479E64078}"
EndProject
Project("{9A19103F-16F7-4668-BE54-9A1E7A4F7556}") = "Infrastructure.Data", "Infrastructure\Infrastructure.Data.csproj", "{FFDEDAA5-5C7C-4BC6-BD4E-7BD6F51ED212}"
EndProject
Project("{9A19103F-16F7-4668-BE54-9A1E7A4F7556}") = "D3.Blog.Application", "D3.Blog.Application\D3.Blog.Application.csproj", "{7F6E0150-08CA-4FEA-A1AD-AD1AE46D9215}"
EndProject
Project("{9A19103F-16F7-4668-BE54-9A1E7A4F7556}") = "D3.Blog.Domain", "D3.Blog.Domain\D3.Blog.Domain.csproj", "{12A178D2-C335-4279-8411-8F3E3C1FFDBE}"
EndProject
Project("{9A19103F-16F7-4668-BE54-9A1E7A4F7556}") = "Infrastructure", "Infrastructure.Data\Infrastructure.csproj", "{A774CEAB-68A8-4C5D-9094-3CE3E11D63B7}"
EndProject
Project("{9A19103F-16F7-4668-BE54-9A1E7A4F7556}") = "D3.Blog.Domain.Core", "D3.Blog.Domain.Core\D3.Blog.Domain.Core.csproj", "{2085DB1D-FC65-4FC0-B2CF-418FBA21C717}"
EndProject
Project("{9A19103F-16F7-4668-BE54-9A1E7A4F7556}") = "D3.BlogApi", "D3.BlogApi\D3.BlogApi.csproj", "{CDD79D17-83E0-4F00-96FD-A65E4855B7D4}"
EndProject
Project("{9A19103F-16F7-4668-BE54-9A1E7A4F7556}") = "Infrastructure.Identity", "Infrastructure.Identity\Infrastructure.Identity.csproj", "{3D4BBD6F-14BE-421A-B6E8-79FC82AA2462}"
EndProject
Project("{2150E333-8FDC-42A3-9474-1A3956D46DE8}") = "Tests", "Tests", "{36FA5D2B-BB01-45DE-AAFB-D10925C5D243}"
EndProject
Project("{9A19103F-16F7-4668-BE54-9A1E7A4F7556}") = "D3Blog_Tests", "D3Blog_Tests\D3Blog_Tests.csproj", "{EAACEDA0-B7C1-4BDB-B093-B9CF82236408}"
EndProject
Project("{FAE04EC0-301F-11D3-BF4B-00C04F79EFBC}") = "DependencyInjection", "DependencyInjection\DependencyInjection.csproj", "{E7335608-1389-4032-AA35-F3B4815C5FFC}"
EndProject
Global
	GlobalSection(SolutionConfigurationPlatforms) = preSolution
		Debug|Any CPU = Debug|Any CPU
		Release|Any CPU = Release|Any CPU
	EndGlobalSection
	GlobalSection(ProjectConfigurationPlatforms) = postSolution
		{0A5FF74C-9B95-439B-BF4A-24D479E64078}.Debug|Any CPU.ActiveCfg = Debug|Any CPU
		{0A5FF74C-9B95-439B-BF4A-24D479E64078}.Debug|Any CPU.Build.0 = Debug|Any CPU
		{0A5FF74C-9B95-439B-BF4A-24D479E64078}.Release|Any CPU.ActiveCfg = Release|Any CPU
		{0A5FF74C-9B95-439B-BF4A-24D479E64078}.Release|Any CPU.Build.0 = Release|Any CPU
		{FFDEDAA5-5C7C-4BC6-BD4E-7BD6F51ED212}.Debug|Any CPU.ActiveCfg = Debug|Any CPU
		{FFDEDAA5-5C7C-4BC6-BD4E-7BD6F51ED212}.Debug|Any CPU.Build.0 = Debug|Any CPU
		{FFDEDAA5-5C7C-4BC6-BD4E-7BD6F51ED212}.Release|Any CPU.ActiveCfg = Release|Any CPU
		{FFDEDAA5-5C7C-4BC6-BD4E-7BD6F51ED212}.Release|Any CPU.Build.0 = Release|Any CPU
		{7F6E0150-08CA-4FEA-A1AD-AD1AE46D9215}.Debug|Any CPU.ActiveCfg = Debug|Any CPU
		{7F6E0150-08CA-4FEA-A1AD-AD1AE46D9215}.Debug|Any CPU.Build.0 = Debug|Any CPU
		{7F6E0150-08CA-4FEA-A1AD-AD1AE46D9215}.Release|Any CPU.ActiveCfg = Release|Any CPU
		{7F6E0150-08CA-4FEA-A1AD-AD1AE46D9215}.Release|Any CPU.Build.0 = Release|Any CPU
		{12A178D2-C335-4279-8411-8F3E3C1FFDBE}.Debug|Any CPU.ActiveCfg = Debug|Any CPU
		{12A178D2-C335-4279-8411-8F3E3C1FFDBE}.Debug|Any CPU.Build.0 = Debug|Any CPU
		{12A178D2-C335-4279-8411-8F3E3C1FFDBE}.Release|Any CPU.ActiveCfg = Release|Any CPU
		{12A178D2-C335-4279-8411-8F3E3C1FFDBE}.Release|Any CPU.Build.0 = Release|Any CPU
		{A774CEAB-68A8-4C5D-9094-3CE3E11D63B7}.Debug|Any CPU.ActiveCfg = Debug|Any CPU
		{A774CEAB-68A8-4C5D-9094-3CE3E11D63B7}.Debug|Any CPU.Build.0 = Debug|Any CPU
		{A774CEAB-68A8-4C5D-9094-3CE3E11D63B7}.Release|Any CPU.ActiveCfg = Release|Any CPU
		{A774CEAB-68A8-4C5D-9094-3CE3E11D63B7}.Release|Any CPU.Build.0 = Release|Any CPU
		{2085DB1D-FC65-4FC0-B2CF-418FBA21C717}.Debug|Any CPU.ActiveCfg = Debug|Any CPU
		{2085DB1D-FC65-4FC0-B2CF-418FBA21C717}.Debug|Any CPU.Build.0 = Debug|Any CPU
		{2085DB1D-FC65-4FC0-B2CF-418FBA21C717}.Release|Any CPU.ActiveCfg = Release|Any CPU
		{2085DB1D-FC65-4FC0-B2CF-418FBA21C717}.Release|Any CPU.Build.0 = Release|Any CPU
		{CDD79D17-83E0-4F00-96FD-A65E4855B7D4}.Debug|Any CPU.ActiveCfg = Debug|Any CPU
		{CDD79D17-83E0-4F00-96FD-A65E4855B7D4}.Debug|Any CPU.Build.0 = Debug|Any CPU
		{CDD79D17-83E0-4F00-96FD-A65E4855B7D4}.Release|Any CPU.ActiveCfg = Release|Any CPU
		{CDD79D17-83E0-4F00-96FD-A65E4855B7D4}.Release|Any CPU.Build.0 = Release|Any CPU
		{3D4BBD6F-14BE-421A-B6E8-79FC82AA2462}.Debug|Any CPU.ActiveCfg = Debug|Any CPU
		{3D4BBD6F-14BE-421A-B6E8-79FC82AA2462}.Debug|Any CPU.Build.0 = Debug|Any CPU
		{3D4BBD6F-14BE-421A-B6E8-79FC82AA2462}.Release|Any CPU.ActiveCfg = Release|Any CPU
		{3D4BBD6F-14BE-421A-B6E8-79FC82AA2462}.Release|Any CPU.Build.0 = Release|Any CPU
		{EAACEDA0-B7C1-4BDB-B093-B9CF82236408}.Debug|Any CPU.ActiveCfg = Debug|Any CPU
		{EAACEDA0-B7C1-4BDB-B093-B9CF82236408}.Debug|Any CPU.Build.0 = Debug|Any CPU
		{EAACEDA0-B7C1-4BDB-B093-B9CF82236408}.Release|Any CPU.ActiveCfg = Release|Any CPU
		{EAACEDA0-B7C1-4BDB-B093-B9CF82236408}.Release|Any CPU.Build.0 = Release|Any CPU
		{E7335608-1389-4032-AA35-F3B4815C5FFC}.Debug|Any CPU.ActiveCfg = Debug|Any CPU
		{E7335608-1389-4032-AA35-F3B4815C5FFC}.Debug|Any CPU.Build.0 = Debug|Any CPU
		{E7335608-1389-4032-AA35-F3B4815C5FFC}.Release|Any CPU.ActiveCfg = Release|Any CPU
		{E7335608-1389-4032-AA35-F3B4815C5FFC}.Release|Any CPU.Build.0 = Release|Any CPU
	EndGlobalSection
	GlobalSection(SolutionProperties) = preSolution
		HideSolutionNode = FALSE
	EndGlobalSection
	GlobalSection(NestedProjects) = preSolution
		{0A5FF74C-9B95-439B-BF4A-24D479E64078} = {034B55E7-6DC7-404F-9B29-A422091AD29D}
		{FFDEDAA5-5C7C-4BC6-BD4E-7BD6F51ED212} = {6FE926DC-16FE-43EF-8B91-6EC7D45C4F55}
		{7F6E0150-08CA-4FEA-A1AD-AD1AE46D9215} = {4A43F57D-EEEC-4440-B41D-522E050ED17F}
		{12A178D2-C335-4279-8411-8F3E3C1FFDBE} = {4A43F57D-EEEC-4440-B41D-522E050ED17F}
		{A774CEAB-68A8-4C5D-9094-3CE3E11D63B7} = {6FE926DC-16FE-43EF-8B91-6EC7D45C4F55}
		{2085DB1D-FC65-4FC0-B2CF-418FBA21C717} = {4A43F57D-EEEC-4440-B41D-522E050ED17F}
		{CDD79D17-83E0-4F00-96FD-A65E4855B7D4} = {034B55E7-6DC7-404F-9B29-A422091AD29D}
		{3D4BBD6F-14BE-421A-B6E8-79FC82AA2462} = {6FE926DC-16FE-43EF-8B91-6EC7D45C4F55}
		{EAACEDA0-B7C1-4BDB-B093-B9CF82236408} = {36FA5D2B-BB01-45DE-AAFB-D10925C5D243}
		{E7335608-1389-4032-AA35-F3B4815C5FFC} = {6FE926DC-16FE-43EF-8B91-6EC7D45C4F55}
	EndGlobalSection
	GlobalSection(ExtensibilityGlobals) = postSolution
		SolutionGuid = {B1F2C007-8BE4-44A3-9DB2-00CE207D1CFB}
	EndGlobalSection
EndGlobal
